
Microsoft Visual Studio Solution File, Format Version 12.00
# Visual Studio Version 17
VisualStudioVersion = 17.11.35312.102
MinimumVisualStudioVersion = 10.0.40219.1
Project("{FAE04EC0-301F-11D3-BF4B-00C04F79EFBC}") = "SortWords", "SortWords\SortWords.csproj", "{630D5C91-F946-4EEE-9FF8-957DF6D0EA24}"
EndProject
Global
	GlobalSection(SolutionConfigurationPlatforms) = preSolution
		Debug|Any CPU = Debug|Any CPU
		Release|Any CPU = Release|Any CPU
	EndGlobalSection
	GlobalSection(ProjectConfigurationPlatforms) = postSolution
		{630D5C91-F946-4EEE-9FF8-957DF6D0EA24}.Debug|Any CPU.ActiveCfg = Debug|Any CPU
		{630D5C91-F946-4EEE-9FF8-957DF6D0EA24}.Debug|Any CPU.Build.0 = Debug|Any CPU
		{630D5C91-F946-4EEE-9FF8-957DF6D0EA24}.Release|Any CPU.ActiveCfg = Release|Any CPU
		{630D5C91-F946-4EEE-9FF8-957DF6D0EA24}.Release|Any CPU.Build.0 = Release|Any CPU
	EndGlobalSection
	GlobalSection(SolutionProperties) = preSolution
		HideSolutionNode = FALSE
	EndGlobalSection
	GlobalSection(ExtensibilityGlobals) = postSolution
		SolutionGuid = {B8F7FEA8-B275-4ECB-82D5-EC84FAEA9F69}
	EndGlobalSection
EndGlobal
